
Microsoft Visual Studio Solution File, Format Version 12.00
# Visual Studio Version 17
VisualStudioVersion = 17.8.34330.188
MinimumVisualStudioVersion = 10.0.40219.1
Project("{FAE04EC0-301F-11D3-BF4B-00C04F79EFBC}") = "WADCW00014039", "WADCW00014039\WADCW00014039.csproj", "{BF910368-414D-41CD-BB99-F0015B6B1E9B}"
EndProject
Global
	GlobalSection(SolutionConfigurationPlatforms) = preSolution
		Debug|Any CPU = Debug|Any CPU
		Release|Any CPU = Release|Any CPU
	EndGlobalSection
	GlobalSection(ProjectConfigurationPlatforms) = postSolution
		{BF910368-414D-41CD-BB99-F0015B6B1E9B}.Debug|Any CPU.ActiveCfg = Debug|Any CPU
		{BF910368-414D-41CD-BB99-F0015B6B1E9B}.Debug|Any CPU.Build.0 = Debug|Any CPU
		{BF910368-414D-41CD-BB99-F0015B6B1E9B}.Release|Any CPU.ActiveCfg = Release|Any CPU
		{BF910368-414D-41CD-BB99-F0015B6B1E9B}.Release|Any CPU.Build.0 = Release|Any CPU
	EndGlobalSection
	GlobalSection(SolutionProperties) = preSolution
		HideSolutionNode = FALSE
	EndGlobalSection
	GlobalSection(ExtensibilityGlobals) = postSolution
		SolutionGuid = {CB9510B9-CA3F-4E88-9395-E2CEC3CB0794}
	EndGlobalSection
EndGlobal
